// !$*UTF8*$!
{
	archiveVersion = 1;
	classes = {
	};
	objectVersion = 46;
	objects = {

/* Begin PBXBuildFile section */
		A407034D1CA598CC0032ED3C /* AppDelegate.swift in Sources */ = {isa = PBXBuildFile; fileRef = A407034C1CA598CC0032ED3C /* AppDelegate.swift */; };
		A407034F1CA598CC0032ED3C /* Page.swift in Sources */ = {isa = PBXBuildFile; fileRef = A407034E1CA598CC0032ED3C /* Page.swift */; };
		A40703541CA598CC0032ED3C /* Assets.xcassets in Resources */ = {isa = PBXBuildFile; fileRef = A40703531CA598CC0032ED3C /* Assets.xcassets */; };
		A40703571CA598CC0032ED3C /* LaunchScreen.storyboard in Resources */ = {isa = PBXBuildFile; fileRef = A40703551CA598CC0032ED3C /* LaunchScreen.storyboard */; };
		A407035F1CA59DEB0032ED3C /* NewsListPage.swift in Sources */ = {isa = PBXBuildFile; fileRef = A407035E1CA59DEB0032ED3C /* NewsListPage.swift */; };
		A40703611CA59E580032ED3C /* Table.swift in Sources */ = {isa = PBXBuildFile; fileRef = A40703601CA59E580032ED3C /* Table.swift */; };
		A40703631CA59E640032ED3C /* Label.swift in Sources */ = {isa = PBXBuildFile; fileRef = A40703621CA59E640032ED3C /* Label.swift */; };
		A40703651CA59F460032ED3C /* View.swift in Sources */ = {isa = PBXBuildFile; fileRef = A40703641CA59F460032ED3C /* View.swift */; };
		A428ECB11CA9AE0800F3F39C /* StackLayout.swift in Sources */ = {isa = PBXBuildFile; fileRef = A428ECB01CA9AE0800F3F39C /* StackLayout.swift */; };
		A428ECB31CA9BBA800F3F39C /* Proton.swift in Sources */ = {isa = PBXBuildFile; fileRef = A428ECB21CA9BBA800F3F39C /* Proton.swift */; };
		A428ECB61CA9BF1F00F3F39C /* SecondPage.swift in Sources */ = {isa = PBXBuildFile; fileRef = A428ECB51CA9BF1F00F3F39C /* SecondPage.swift */; };
		A428ECB81CA9BF6800F3F39C /* Button.swift in Sources */ = {isa = PBXBuildFile; fileRef = A428ECB71CA9BF6800F3F39C /* Button.swift */; };
		A45412C91CAC27A200795677 /* Layout.swift in Sources */ = {isa = PBXBuildFile; fileRef = A45412C81CAC27A200795677 /* Layout.swift */; };
		A45B88B71CB45DD2008B22E1 /* Percent.swift in Sources */ = {isa = PBXBuildFile; fileRef = A45B88B61CB45DD2008B22E1 /* Percent.swift */; };
		A45B88B91CB474AE008B22E1 /* View+Size.swift in Sources */ = {isa = PBXBuildFile; fileRef = A45B88B81CB474AE008B22E1 /* View+Size.swift */; };
		A45B88BB1CB474DD008B22E1 /* View+Position.swift in Sources */ = {isa = PBXBuildFile; fileRef = A45B88BA1CB474DD008B22E1 /* View+Position.swift */; };
		A460F2CF1CB30D5400A0A273 /* AbsoluteLayout.swift in Sources */ = {isa = PBXBuildFile; fileRef = A460F2CE1CB30D5400A0A273 /* AbsoluteLayout.swift */; };
		A460F2D11CB3103E00A0A273 /* ThirdPage.swift in Sources */ = {isa = PBXBuildFile; fileRef = A460F2D01CB3103E00A0A273 /* ThirdPage.swift */; };
		A477518D1CAB2ED100001BB6 /* Collection.swift in Sources */ = {isa = PBXBuildFile; fileRef = A477518C1CAB2ED100001BB6 /* Collection.swift */; };
		A477518F1CAB358900001BB6 /* Navigatable.swift in Sources */ = {isa = PBXBuildFile; fileRef = A477518E1CAB358900001BB6 /* Navigatable.swift */; };
		A47751911CAB35A200001BB6 /* UIView+Proton.swift in Sources */ = {isa = PBXBuildFile; fileRef = A47751901CAB35A200001BB6 /* UIView+Proton.swift */; };
		A4B0AD961CB9CDA700CC2444 /* TableCell.swift in Sources */ = {isa = PBXBuildFile; fileRef = A4B0AD951CB9CDA700CC2444 /* TableCell.swift */; };
/* End PBXBuildFile section */

/* Begin PBXFileReference section */
		A40703491CA598CC0032ED3C /* Proton.app */ = {isa = PBXFileReference; explicitFileType = wrapper.application; includeInIndex = 0; path = Proton.app; sourceTree = BUILT_PRODUCTS_DIR; };
		A407034C1CA598CC0032ED3C /* AppDelegate.swift */ = {isa = PBXFileReference; lastKnownFileType = sourcecode.swift; path = AppDelegate.swift; sourceTree = "<group>"; };
		A407034E1CA598CC0032ED3C /* Page.swift */ = {isa = PBXFileReference; lastKnownFileType = sourcecode.swift; path = Page.swift; sourceTree = "<group>"; };
		A40703531CA598CC0032ED3C /* Assets.xcassets */ = {isa = PBXFileReference; lastKnownFileType = folder.assetcatalog; path = Assets.xcassets; sourceTree = "<group>"; };
		A40703561CA598CC0032ED3C /* Base */ = {isa = PBXFileReference; lastKnownFileType = file.storyboard; name = Base; path = Base.lproj/LaunchScreen.storyboard; sourceTree = "<group>"; };
		A40703581CA598CC0032ED3C /* Info.plist */ = {isa = PBXFileReference; lastKnownFileType = text.plist.xml; path = Info.plist; sourceTree = "<group>"; };
		A407035E1CA59DEB0032ED3C /* NewsListPage.swift */ = {isa = PBXFileReference; fileEncoding = 4; lastKnownFileType = sourcecode.swift; path = NewsListPage.swift; sourceTree = "<group>"; };
		A40703601CA59E580032ED3C /* Table.swift */ = {isa = PBXFileReference; fileEncoding = 4; lastKnownFileType = sourcecode.swift; path = Table.swift; sourceTree = "<group>"; };
		A40703621CA59E640032ED3C /* Label.swift */ = {isa = PBXFileReference; fileEncoding = 4; lastKnownFileType = sourcecode.swift; path = Label.swift; sourceTree = "<group>"; };
		A40703641CA59F460032ED3C /* View.swift */ = {isa = PBXFileReference; fileEncoding = 4; lastKnownFileType = sourcecode.swift; path = View.swift; sourceTree = "<group>"; };
		A428ECB01CA9AE0800F3F39C /* StackLayout.swift */ = {isa = PBXFileReference; fileEncoding = 4; lastKnownFileType = sourcecode.swift; path = StackLayout.swift; sourceTree = "<group>"; };
		A428ECB21CA9BBA800F3F39C /* Proton.swift */ = {isa = PBXFileReference; fileEncoding = 4; lastKnownFileType = sourcecode.swift; path = Proton.swift; sourceTree = "<group>"; };
		A428ECB51CA9BF1F00F3F39C /* SecondPage.swift */ = {isa = PBXFileReference; fileEncoding = 4; lastKnownFileType = sourcecode.swift; path = SecondPage.swift; sourceTree = "<group>"; };
		A428ECB71CA9BF6800F3F39C /* Button.swift */ = {isa = PBXFileReference; fileEncoding = 4; lastKnownFileType = sourcecode.swift; path = Button.swift; sourceTree = "<group>"; };
		A45412C81CAC27A200795677 /* Layout.swift */ = {isa = PBXFileReference; fileEncoding = 4; lastKnownFileType = sourcecode.swift; path = Layout.swift; sourceTree = "<group>"; };
		A45B88B61CB45DD2008B22E1 /* Percent.swift */ = {isa = PBXFileReference; fileEncoding = 4; lastKnownFileType = sourcecode.swift; path = Percent.swift; sourceTree = "<group>"; };
		A45B88B81CB474AE008B22E1 /* View+Size.swift */ = {isa = PBXFileReference; fileEncoding = 4; lastKnownFileType = sourcecode.swift; path = "View+Size.swift"; sourceTree = "<group>"; };
		A45B88BA1CB474DD008B22E1 /* View+Position.swift */ = {isa = PBXFileReference; fileEncoding = 4; lastKnownFileType = sourcecode.swift; path = "View+Position.swift"; sourceTree = "<group>"; };
		A460F2CE1CB30D5400A0A273 /* AbsoluteLayout.swift */ = {isa = PBXFileReference; fileEncoding = 4; lastKnownFileType = sourcecode.swift; path = AbsoluteLayout.swift; sourceTree = "<group>"; };
		A460F2D01CB3103E00A0A273 /* ThirdPage.swift */ = {isa = PBXFileReference; fileEncoding = 4; lastKnownFileType = sourcecode.swift; path = ThirdPage.swift; sourceTree = "<group>"; };
		A477518C1CAB2ED100001BB6 /* Collection.swift */ = {isa = PBXFileReference; fileEncoding = 4; lastKnownFileType = sourcecode.swift; path = Collection.swift; sourceTree = "<group>"; };
		A477518E1CAB358900001BB6 /* Navigatable.swift */ = {isa = PBXFileReference; fileEncoding = 4; lastKnownFileType = sourcecode.swift; path = Navigatable.swift; sourceTree = "<group>"; };
		A47751901CAB35A200001BB6 /* UIView+Proton.swift */ = {isa = PBXFileReference; fileEncoding = 4; lastKnownFileType = sourcecode.swift; path = "UIView+Proton.swift"; sourceTree = "<group>"; };
		A4B0AD951CB9CDA700CC2444 /* TableCell.swift */ = {isa = PBXFileReference; fileEncoding = 4; lastKnownFileType = sourcecode.swift; path = TableCell.swift; sourceTree = "<group>"; };
/* End PBXFileReference section */

/* Begin PBXFrameworksBuildPhase section */
		A40703461CA598CC0032ED3C /* Frameworks */ = {
			isa = PBXFrameworksBuildPhase;
			buildActionMask = 2147483647;
			files = (
			);
			runOnlyForDeploymentPostprocessing = 0;
		};
/* End PBXFrameworksBuildPhase section */

/* Begin PBXGroup section */
		A40703401CA598CC0032ED3C = {
			isa = PBXGroup;
			children = (
				A407034B1CA598CC0032ED3C /* Proton */,
				A407034A1CA598CC0032ED3C /* Products */,
			);
			sourceTree = "<group>";
		};
		A407034A1CA598CC0032ED3C /* Products */ = {
			isa = PBXGroup;
			children = (
				A40703491CA598CC0032ED3C /* Proton.app */,
			);
			name = Products;
			sourceTree = "<group>";
		};
		A407034B1CA598CC0032ED3C /* Proton */ = {
			isa = PBXGroup;
			children = (
				A428ECB41CA9BC6C00F3F39C /* Proton */,
				A407034C1CA598CC0032ED3C /* AppDelegate.swift */,
				A407035E1CA59DEB0032ED3C /* NewsListPage.swift */,
				A428ECB51CA9BF1F00F3F39C /* SecondPage.swift */,
				A460F2D01CB3103E00A0A273 /* ThirdPage.swift */,
				A40703531CA598CC0032ED3C /* Assets.xcassets */,
				A40703551CA598CC0032ED3C /* LaunchScreen.storyboard */,
				A40703581CA598CC0032ED3C /* Info.plist */,
			);
			path = Proton;
			sourceTree = "<group>";
		};
		A428ECB41CA9BC6C00F3F39C /* Proton */ = {
			isa = PBXGroup;
			children = (
				A428ECB21CA9BBA800F3F39C /* Proton.swift */,
				A407034E1CA598CC0032ED3C /* Page.swift */,
				A40703641CA59F460032ED3C /* View.swift */,
				A45B88B81CB474AE008B22E1 /* View+Size.swift */,
				A45B88BA1CB474DD008B22E1 /* View+Position.swift */,
				A40703601CA59E580032ED3C /* Table.swift */,
				A4B0AD951CB9CDA700CC2444 /* TableCell.swift */,
				A477518C1CAB2ED100001BB6 /* Collection.swift */,
				A40703621CA59E640032ED3C /* Label.swift */,
				A428ECB71CA9BF6800F3F39C /* Button.swift */,
				A47751901CAB35A200001BB6 /* UIView+Proton.swift */,
				A45412C81CAC27A200795677 /* Layout.swift */,
				A428ECB01CA9AE0800F3F39C /* StackLayout.swift */,
				A460F2CE1CB30D5400A0A273 /* AbsoluteLayout.swift */,
				A45B88B61CB45DD2008B22E1 /* Percent.swift */,
				A477518E1CAB358900001BB6 /* Navigatable.swift */,
			);
			path = Proton;
			sourceTree = "<group>";
		};
/* End PBXGroup section */

/* Begin PBXNativeTarget section */
		A40703481CA598CC0032ED3C /* Proton */ = {
			isa = PBXNativeTarget;
			buildConfigurationList = A407035B1CA598CC0032ED3C /* Build configuration list for PBXNativeTarget "Proton" */;
			buildPhases = (
				A40703451CA598CC0032ED3C /* Sources */,
				A40703461CA598CC0032ED3C /* Frameworks */,
				A40703471CA598CC0032ED3C /* Resources */,
			);
			buildRules = (
			);
			dependencies = (
			);
			name = Proton;
			productName = Proton;
			productReference = A40703491CA598CC0032ED3C /* Proton.app */;
			productType = "com.apple.product-type.application";
		};
/* End PBXNativeTarget section */

/* Begin PBXProject section */
		A40703411CA598CC0032ED3C /* Project object */ = {
			isa = PBXProject;
			attributes = {
				LastSwiftUpdateCheck = 0730;
				LastUpgradeCheck = 0730;
				ORGANIZATIONNAME = "Ian McDowell";
				TargetAttributes = {
					A40703481CA598CC0032ED3C = {
						CreatedOnToolsVersion = 7.3;
					};
				};
			};
			buildConfigurationList = A40703441CA598CC0032ED3C /* Build configuration list for PBXProject "Proton" */;
			compatibilityVersion = "Xcode 3.2";
			developmentRegion = English;
			hasScannedForEncodings = 0;
			knownRegions = (
				en,
				Base,
			);
			mainGroup = A40703401CA598CC0032ED3C;
			productRefGroup = A407034A1CA598CC0032ED3C /* Products */;
			projectDirPath = "";
			projectRoot = "";
			targets = (
				A40703481CA598CC0032ED3C /* Proton */,
			);
		};
/* End PBXProject section */

/* Begin PBXResourcesBuildPhase section */
		A40703471CA598CC0032ED3C /* Resources */ = {
			isa = PBXResourcesBuildPhase;
			buildActionMask = 2147483647;
			files = (
				A40703571CA598CC0032ED3C /* LaunchScreen.storyboard in Resources */,
				A40703541CA598CC0032ED3C /* Assets.xcassets in Resources */,
			);
			runOnlyForDeploymentPostprocessing = 0;
		};
/* End PBXResourcesBuildPhase section */

/* Begin PBXSourcesBuildPhase section */
		A40703451CA598CC0032ED3C /* Sources */ = {
			isa = PBXSourcesBuildPhase;
			buildActionMask = 2147483647;
			files = (
				A407034F1CA598CC0032ED3C /* Page.swift in Sources */,
				A428ECB31CA9BBA800F3F39C /* Proton.swift in Sources */,
				A45B88BB1CB474DD008B22E1 /* View+Position.swift in Sources */,
				A460F2D11CB3103E00A0A273 /* ThirdPage.swift in Sources */,
				A477518F1CAB358900001BB6 /* Navigatable.swift in Sources */,
				A47751911CAB35A200001BB6 /* UIView+Proton.swift in Sources */,
				A460F2CF1CB30D5400A0A273 /* AbsoluteLayout.swift in Sources */,
				A407034D1CA598CC0032ED3C /* AppDelegate.swift in Sources */,
				A428ECB11CA9AE0800F3F39C /* StackLayout.swift in Sources */,
				A40703651CA59F460032ED3C /* View.swift in Sources */,
				A4B0AD961CB9CDA700CC2444 /* TableCell.swift in Sources */,
				A428ECB81CA9BF6800F3F39C /* Button.swift in Sources */,
				A40703611CA59E580032ED3C /* Table.swift in Sources */,
				A477518D1CAB2ED100001BB6 /* Collection.swift in Sources */,
				A40703631CA59E640032ED3C /* Label.swift in Sources */,
				A45412C91CAC27A200795677 /* Layout.swift in Sources */,
				A45B88B71CB45DD2008B22E1 /* Percent.swift in Sources */,
				A407035F1CA59DEB0032ED3C /* NewsListPage.swift in Sources */,
				A428ECB61CA9BF1F00F3F39C /* SecondPage.swift in Sources */,
				A45B88B91CB474AE008B22E1 /* View+Size.swift in Sources */,
			);
			runOnlyForDeploymentPostprocessing = 0;
		};
/* End PBXSourcesBuildPhase section */

/* Begin PBXVariantGroup section */
		A40703551CA598CC0032ED3C /* LaunchScreen.storyboard */ = {
			isa = PBXVariantGroup;
			children = (
				A40703561CA598CC0032ED3C /* Base */,
			);
			name = LaunchScreen.storyboard;
			sourceTree = "<group>";
		};
/* End PBXVariantGroup section */

/* Begin XCBuildConfiguration section */
		A40703591CA598CC0032ED3C /* Debug */ = {
			isa = XCBuildConfiguration;
			buildSettings = {
				ALWAYS_SEARCH_USER_PATHS = NO;
				CLANG_ANALYZER_NONNULL = YES;
				CLANG_CXX_LANGUAGE_STANDARD = "gnu++0x";
				CLANG_CXX_LIBRARY = "libc++";
				CLANG_ENABLE_MODULES = YES;
				CLANG_ENABLE_OBJC_ARC = YES;
				CLANG_WARN_BOOL_CONVERSION = YES;
				CLANG_WARN_CONSTANT_CONVERSION = YES;
				CLANG_WARN_DIRECT_OBJC_ISA_USAGE = YES_ERROR;
				CLANG_WARN_EMPTY_BODY = YES;
				CLANG_WARN_ENUM_CONVERSION = YES;
				CLANG_WARN_INT_CONVERSION = YES;
				CLANG_WARN_OBJC_ROOT_CLASS = YES_ERROR;
				CLANG_WARN_UNREACHABLE_CODE = YES;
				CLANG_WARN__DUPLICATE_METHOD_MATCH = YES;
				"CODE_SIGN_IDENTITY[sdk=iphoneos*]" = "iPhone Developer";
				COPY_PHASE_STRIP = NO;
				DEBUG_INFORMATION_FORMAT = dwarf;
				ENABLE_STRICT_OBJC_MSGSEND = YES;
				ENABLE_TESTABILITY = YES;
				GCC_C_LANGUAGE_STANDARD = gnu99;
				GCC_DYNAMIC_NO_PIC = NO;
				GCC_NO_COMMON_BLOCKS = YES;
				GCC_OPTIMIZATION_LEVEL = 0;
				GCC_PREPROCESSOR_DEFINITIONS = (
					"DEBUG=1",
					"$(inherited)",
				);
				GCC_WARN_64_TO_32_BIT_CONVERSION = YES;
				GCC_WARN_ABOUT_RETURN_TYPE = YES_ERROR;
				GCC_WARN_UNDECLARED_SELECTOR = YES;
				GCC_WARN_UNINITIALIZED_AUTOS = YES_AGGRESSIVE;
				GCC_WARN_UNUSED_FUNCTION = YES;
				GCC_WARN_UNUSED_VARIABLE = YES;
				IPHONEOS_DEPLOYMENT_TARGET = 9.3;
				MTL_ENABLE_DEBUG_INFO = YES;
				ONLY_ACTIVE_ARCH = YES;
				SDKROOT = iphoneos;
				SWIFT_OPTIMIZATION_LEVEL = "-Onone";
				TARGETED_DEVICE_FAMILY = "1,2";
			};
			name = Debug;
		};
		A407035A1CA598CC0032ED3C /* Release */ = {
			isa = XCBuildConfiguration;
			buildSettings = {
				ALWAYS_SEARCH_USER_PATHS = NO;
				CLANG_ANALYZER_NONNULL = YES;
				CLANG_CXX_LANGUAGE_STANDARD = "gnu++0x";
				CLANG_CXX_LIBRARY = "libc++";
				CLANG_ENABLE_MODULES = YES;
				CLANG_ENABLE_OBJC_ARC = YES;
				CLANG_WARN_BOOL_CONVERSION = YES;
				CLANG_WARN_CONSTANT_CONVERSION = YES;
				CLANG_WARN_DIRECT_OBJC_ISA_USAGE = YES_ERROR;
				CLANG_WARN_EMPTY_BODY = YES;
				CLANG_WARN_ENUM_CONVERSION = YES;
				CLANG_WARN_INT_CONVERSION = YES;
				CLANG_WARN_OBJC_ROOT_CLASS = YES_ERROR;
				CLANG_WARN_UNREACHABLE_CODE = YES;
				CLANG_WARN__DUPLICATE_METHOD_MATCH = YES;
				"CODE_SIGN_IDENTITY[sdk=iphoneos*]" = "iPhone Developer";
				COPY_PHASE_STRIP = NO;
				DEBUG_INFORMATION_FORMAT = "dwarf-with-dsym";
				ENABLE_NS_ASSERTIONS = NO;
				ENABLE_STRICT_OBJC_MSGSEND = YES;
				GCC_C_LANGUAGE_STANDARD = gnu99;
				GCC_NO_COMMON_BLOCKS = YES;
				GCC_WARN_64_TO_32_BIT_CONVERSION = YES;
				GCC_WARN_ABOUT_RETURN_TYPE = YES_ERROR;
				GCC_WARN_UNDECLARED_SELECTOR = YES;
				GCC_WARN_UNINITIALIZED_AUTOS = YES_AGGRESSIVE;
				GCC_WARN_UNUSED_FUNCTION = YES;
				GCC_WARN_UNUSED_VARIABLE = YES;
				IPHONEOS_DEPLOYMENT_TARGET = 9.3;
				MTL_ENABLE_DEBUG_INFO = NO;
				SDKROOT = iphoneos;
				TARGETED_DEVICE_FAMILY = "1,2";
				VALIDATE_PRODUCT = YES;
			};
			name = Release;
		};
		A407035C1CA598CC0032ED3C /* Debug */ = {
			isa = XCBuildConfiguration;
			buildSettings = {
				ASSETCATALOG_COMPILER_APPICON_NAME = AppIcon;
				INFOPLIST_FILE = Proton/Info.plist;
				IPHONEOS_DEPLOYMENT_TARGET = 9.0;
				LD_RUNPATH_SEARCH_PATHS = "$(inherited) @executable_path/Frameworks";
				PRODUCT_BUNDLE_IDENTIFIER = net.ianmcdowell.Proton;
				PRODUCT_NAME = "$(TARGET_NAME)";
			};
			name = Debug;
		};
		A407035D1CA598CC0032ED3C /* Release */ = {
			isa = XCBuildConfiguration;
			buildSettings = {
				ASSETCATALOG_COMPILER_APPICON_NAME = AppIcon;
				INFOPLIST_FILE = Proton/Info.plist;
				IPHONEOS_DEPLOYMENT_TARGET = 9.0;
				LD_RUNPATH_SEARCH_PATHS = "$(inherited) @executable_path/Frameworks";
				PRODUCT_BUNDLE_IDENTIFIER = net.ianmcdowell.Proton;
				PRODUCT_NAME = "$(TARGET_NAME)";
			};
			name = Release;
		};
/* End XCBuildConfiguration section */

/* Begin XCConfigurationList section */
		A40703441CA598CC0032ED3C /* Build configuration list for PBXProject "Proton" */ = {
			isa = XCConfigurationList;
			buildConfigurations = (
				A40703591CA598CC0032ED3C /* Debug */,
				A407035A1CA598CC0032ED3C /* Release */,
			);
			defaultConfigurationIsVisible = 0;
			defaultConfigurationName = Release;
		};
		A407035B1CA598CC0032ED3C /* Build configuration list for PBXNativeTarget "Proton" */ = {
			isa = XCConfigurationList;
			buildConfigurations = (
				A407035C1CA598CC0032ED3C /* Debug */,
				A407035D1CA598CC0032ED3C /* Release */,
			);
			defaultConfigurationIsVisible = 0;
			defaultConfigurationName = Release;
		};
/* End XCConfigurationList section */
	};
	rootObject = A40703411CA598CC0032ED3C /* Project object */;
}
