PODS:
  - Nimble (3.2.0)
  - Proton (0.1.0)
  - Quick (0.9.2)

DEPENDENCIES:
  - Nimble (~> 3.0)
  - Proton (from `../`)
  - Quick (~> 0.8)

EXTERNAL SOURCES:
  Proton:
    :path: "../"

SPEC CHECKSUMS:
  Nimble: 703854335d181df169bbca9c97117b5cf8c47c1d
  Proton: 223b49fd315ba16cc93656f3ed5fb4f6a41078af
  Quick: 18d057bc66451eedd5d1c8dc99ba2a5db6e60226

COCOAPODS: 0.39.0
